
Microsoft Visual Studio Solution File, Format Version 12.00
# Visual Studio Version 17
VisualStudioVersion = 17.7.34024.191
MinimumVisualStudioVersion = 10.0.40219.1
Project("{FAE04EC0-301F-11D3-BF4B-00C04F79EFBC}") = "OvningMethod", "OvningMethod\OvningMethod.csproj", "{F1B80A61-1C0E-4ED1-B48D-B3BADB0A82FF}"
EndProject
Global
	GlobalSection(SolutionConfigurationPlatforms) = preSolution
		Debug|Any CPU = Debug|Any CPU
		Release|Any CPU = Release|Any CPU
	EndGlobalSection
	GlobalSection(ProjectConfigurationPlatforms) = postSolution
		{F1B80A61-1C0E-4ED1-B48D-B3BADB0A82FF}.Debug|Any CPU.ActiveCfg = Debug|Any CPU
		{F1B80A61-1C0E-4ED1-B48D-B3BADB0A82FF}.Debug|Any CPU.Build.0 = Debug|Any CPU
		{F1B80A61-1C0E-4ED1-B48D-B3BADB0A82FF}.Release|Any CPU.ActiveCfg = Release|Any CPU
		{F1B80A61-1C0E-4ED1-B48D-B3BADB0A82FF}.Release|Any CPU.Build.0 = Release|Any CPU
	EndGlobalSection
	GlobalSection(SolutionProperties) = preSolution
		HideSolutionNode = FALSE
	EndGlobalSection
	GlobalSection(ExtensibilityGlobals) = postSolution
		SolutionGuid = {A1CEB8F7-6330-44E6-A6EA-7F9E80F10B23}
	EndGlobalSection
EndGlobal
